// !$*UTF8*$!
{
	archiveVersion = 1;
	classes = {
	};
	objectVersion = 56;
	objects = {

/* Begin PBXBuildFile section */
		83656D4F29F83E88007DABA9 /* DummyViewController.swift in Sources */ = {isa = PBXBuildFile; fileRef = 83656D4E29F83E88007DABA9 /* DummyViewController.swift */; };
		83656D5229F845D9007DABA9 /* LocalState.swift in Sources */ = {isa = PBXBuildFile; fileRef = 83656D5129F845D9007DABA9 /* LocalState.swift */; };
		83656D5429F859DD007DABA9 /* UIViewController+Utils.swift in Sources */ = {isa = PBXBuildFile; fileRef = 83656D5329F859DD007DABA9 /* UIViewController+Utils.swift */; };
		83656D5629F85B74007DABA9 /* MainViewController.swift in Sources */ = {isa = PBXBuildFile; fileRef = 83656D5529F85B74007DABA9 /* MainViewController.swift */; };
		83656D5929F8649F007DABA9 /* AccountSummaryViewController.swift in Sources */ = {isa = PBXBuildFile; fileRef = 83656D5829F8649F007DABA9 /* AccountSummaryViewController.swift */; };
		83656D5B29F89EC9007DABA9 /* AccountSummaryHeaderView.swift in Sources */ = {isa = PBXBuildFile; fileRef = 83656D5A29F89EC9007DABA9 /* AccountSummaryHeaderView.swift */; };
		83656D5D29F89EF7007DABA9 /* AccountSummaryHeaderView.xib in Resources */ = {isa = PBXBuildFile; fileRef = 83656D5C29F89EF7007DABA9 /* AccountSummaryHeaderView.xib */; };
		8381D4A329F2E2B2007EBAD6 /* OnboardingViewController.swift in Sources */ = {isa = PBXBuildFile; fileRef = 8381D4A229F2E2B2007EBAD6 /* OnboardingViewController.swift */; };
		83949D0029FB2A7500BD942F /* Decimal+Utils.swift in Sources */ = {isa = PBXBuildFile; fileRef = 83949CFF29FB2A7500BD942F /* Decimal+Utils.swift */; };
		83949D0229FB2B5A00BD942F /* CurrencyFormatter.swift in Sources */ = {isa = PBXBuildFile; fileRef = 83949D0129FB2B5A00BD942F /* CurrencyFormatter.swift */; };
		83949D112A03274800BD942F /* CurrencyFormatterTests.swift in Sources */ = {isa = PBXBuildFile; fileRef = 83949D102A03274800BD942F /* CurrencyFormatterTests.swift */; };
		83949D152A04297100BD942F /* NSNotificationName.swift in Sources */ = {isa = PBXBuildFile; fileRef = 83949D142A04297100BD942F /* NSNotificationName.swift */; };
		8396C4632A043FFB007E8931 /* UITextField+SecureToggle.swift in Sources */ = {isa = PBXBuildFile; fileRef = 8396C4622A043FFB007E8931 /* UITextField+SecureToggle.swift */; };
		8396C4662A097E89007E8931 /* ShakyBellView.swift in Sources */ = {isa = PBXBuildFile; fileRef = 8396C4652A097E89007E8931 /* ShakyBellView.swift */; };
		8396C4682A0AB4C7007E8931 /* Date+Utils.swift in Sources */ = {isa = PBXBuildFile; fileRef = 8396C4672A0AB4C7007E8931 /* Date+Utils.swift */; };
		8396C46A2A0AB5C7007E8931 /* AccountSummaryViewController+Networking.swift in Sources */ = {isa = PBXBuildFile; fileRef = 8396C4692A0AB5C7007E8931 /* AccountSummaryViewController+Networking.swift */; };
		8396C46E2A0AC2D2007E8931 /* ProfileTests.swift in Sources */ = {isa = PBXBuildFile; fileRef = 8396C46D2A0AC2D2007E8931 /* ProfileTests.swift */; };
		8396C4702A0AC386007E8931 /* AccountTests.swift in Sources */ = {isa = PBXBuildFile; fileRef = 8396C46F2A0AC386007E8931 /* AccountTests.swift */; };
		8396C4722A0B0C64007E8931 /* SkeletonLoadable.swift in Sources */ = {isa = PBXBuildFile; fileRef = 8396C4712A0B0C64007E8931 /* SkeletonLoadable.swift */; };
		8396C4742A0B0CF4007E8931 /* SkeletonCell.swift in Sources */ = {isa = PBXBuildFile; fileRef = 8396C4732A0B0CF4007E8931 /* SkeletonCell.swift */; };
		83B260E429F9E87F009E6AB0 /* AccountSummaryCell.swift in Sources */ = {isa = PBXBuildFile; fileRef = 83B260E329F9E87F009E6AB0 /* AccountSummaryCell.swift */; };
		83B3064329F04EDF0078B71C /* AppDelegate.swift in Sources */ = {isa = PBXBuildFile; fileRef = 83B3064229F04EDF0078B71C /* AppDelegate.swift */; };
		83B3064729F04EDF0078B71C /* LoginViewController.swift in Sources */ = {isa = PBXBuildFile; fileRef = 83B3064629F04EDF0078B71C /* LoginViewController.swift */; };
		83B3064C29F04EE10078B71C /* Assets.xcassets in Resources */ = {isa = PBXBuildFile; fileRef = 83B3064B29F04EE10078B71C /* Assets.xcassets */; };
		83B3064F29F04EE10078B71C /* LaunchScreen.storyboard in Resources */ = {isa = PBXBuildFile; fileRef = 83B3064D29F04EE10078B71C /* LaunchScreen.storyboard */; };
		83B3065929F0523F0078B71C /* LoginView.swift in Sources */ = {isa = PBXBuildFile; fileRef = 83B3065829F0523F0078B71C /* LoginView.swift */; };
		83B3065C29F1FF200078B71C /* OnboardingContainerViewController.swift in Sources */ = {isa = PBXBuildFile; fileRef = 83B3065B29F1FF200078B71C /* OnboardingContainerViewController.swift */; };
/* End PBXBuildFile section */

/* Begin PBXContainerItemProxy section */
		83949D0B2A03269200BD942F /* PBXContainerItemProxy */ = {
			isa = PBXContainerItemProxy;
			containerPortal = 83B3063729F04EDF0078B71C /* Project object */;
			proxyType = 1;
			remoteGlobalIDString = 83B3063E29F04EDF0078B71C;
			remoteInfo = Bankey;
		};
/* End PBXContainerItemProxy section */

/* Begin PBXFileReference section */
		83656D4E29F83E88007DABA9 /* DummyViewController.swift */ = {isa = PBXFileReference; lastKnownFileType = sourcecode.swift; path = DummyViewController.swift; sourceTree = "<group>"; };
		83656D5129F845D9007DABA9 /* LocalState.swift */ = {isa = PBXFileReference; lastKnownFileType = sourcecode.swift; path = LocalState.swift; sourceTree = "<group>"; };
		83656D5329F859DD007DABA9 /* UIViewController+Utils.swift */ = {isa = PBXFileReference; lastKnownFileType = sourcecode.swift; path = "UIViewController+Utils.swift"; sourceTree = "<group>"; };
		83656D5529F85B74007DABA9 /* MainViewController.swift */ = {isa = PBXFileReference; lastKnownFileType = sourcecode.swift; path = MainViewController.swift; sourceTree = "<group>"; };
		83656D5829F8649F007DABA9 /* AccountSummaryViewController.swift */ = {isa = PBXFileReference; lastKnownFileType = sourcecode.swift; path = AccountSummaryViewController.swift; sourceTree = "<group>"; };
		83656D5A29F89EC9007DABA9 /* AccountSummaryHeaderView.swift */ = {isa = PBXFileReference; lastKnownFileType = sourcecode.swift; path = AccountSummaryHeaderView.swift; sourceTree = "<group>"; };
		83656D5C29F89EF7007DABA9 /* AccountSummaryHeaderView.xib */ = {isa = PBXFileReference; lastKnownFileType = file.xib; path = AccountSummaryHeaderView.xib; sourceTree = "<group>"; };
		8381D4A229F2E2B2007EBAD6 /* OnboardingViewController.swift */ = {isa = PBXFileReference; lastKnownFileType = sourcecode.swift; path = OnboardingViewController.swift; sourceTree = "<group>"; };
		83949CFF29FB2A7500BD942F /* Decimal+Utils.swift */ = {isa = PBXFileReference; lastKnownFileType = sourcecode.swift; path = "Decimal+Utils.swift"; sourceTree = "<group>"; };
		83949D0129FB2B5A00BD942F /* CurrencyFormatter.swift */ = {isa = PBXFileReference; lastKnownFileType = sourcecode.swift; path = CurrencyFormatter.swift; sourceTree = "<group>"; };
		83949D072A03269200BD942F /* BankeyUnitTests.xctest */ = {isa = PBXFileReference; explicitFileType = wrapper.cfbundle; includeInIndex = 0; path = BankeyUnitTests.xctest; sourceTree = BUILT_PRODUCTS_DIR; };
		83949D102A03274800BD942F /* CurrencyFormatterTests.swift */ = {isa = PBXFileReference; lastKnownFileType = sourcecode.swift; path = CurrencyFormatterTests.swift; sourceTree = "<group>"; };
		83949D142A04297100BD942F /* NSNotificationName.swift */ = {isa = PBXFileReference; lastKnownFileType = sourcecode.swift; path = NSNotificationName.swift; sourceTree = "<group>"; };
		8396C4622A043FFB007E8931 /* UITextField+SecureToggle.swift */ = {isa = PBXFileReference; lastKnownFileType = sourcecode.swift; path = "UITextField+SecureToggle.swift"; sourceTree = "<group>"; };
		8396C4652A097E89007E8931 /* ShakyBellView.swift */ = {isa = PBXFileReference; lastKnownFileType = sourcecode.swift; path = ShakyBellView.swift; sourceTree = "<group>"; };
		8396C4672A0AB4C7007E8931 /* Date+Utils.swift */ = {isa = PBXFileReference; lastKnownFileType = sourcecode.swift; path = "Date+Utils.swift"; sourceTree = "<group>"; };
		8396C4692A0AB5C7007E8931 /* AccountSummaryViewController+Networking.swift */ = {isa = PBXFileReference; lastKnownFileType = sourcecode.swift; path = "AccountSummaryViewController+Networking.swift"; sourceTree = "<group>"; };
		8396C46D2A0AC2D2007E8931 /* ProfileTests.swift */ = {isa = PBXFileReference; lastKnownFileType = sourcecode.swift; path = ProfileTests.swift; sourceTree = "<group>"; };
		8396C46F2A0AC386007E8931 /* AccountTests.swift */ = {isa = PBXFileReference; lastKnownFileType = sourcecode.swift; path = AccountTests.swift; sourceTree = "<group>"; };
		8396C4712A0B0C64007E8931 /* SkeletonLoadable.swift */ = {isa = PBXFileReference; lastKnownFileType = sourcecode.swift; path = SkeletonLoadable.swift; sourceTree = "<group>"; };
		8396C4732A0B0CF4007E8931 /* SkeletonCell.swift */ = {isa = PBXFileReference; lastKnownFileType = sourcecode.swift; path = SkeletonCell.swift; sourceTree = "<group>"; };
		83B260E329F9E87F009E6AB0 /* AccountSummaryCell.swift */ = {isa = PBXFileReference; lastKnownFileType = sourcecode.swift; path = AccountSummaryCell.swift; sourceTree = "<group>"; };
		83B3063F29F04EDF0078B71C /* Bankey.app */ = {isa = PBXFileReference; explicitFileType = wrapper.application; includeInIndex = 0; path = Bankey.app; sourceTree = BUILT_PRODUCTS_DIR; };
		83B3064229F04EDF0078B71C /* AppDelegate.swift */ = {isa = PBXFileReference; lastKnownFileType = sourcecode.swift; path = AppDelegate.swift; sourceTree = "<group>"; };
		83B3064629F04EDF0078B71C /* LoginViewController.swift */ = {isa = PBXFileReference; lastKnownFileType = sourcecode.swift; path = LoginViewController.swift; sourceTree = "<group>"; };
		83B3064B29F04EE10078B71C /* Assets.xcassets */ = {isa = PBXFileReference; lastKnownFileType = folder.assetcatalog; path = Assets.xcassets; sourceTree = "<group>"; };
		83B3064E29F04EE10078B71C /* Base */ = {isa = PBXFileReference; lastKnownFileType = file.storyboard; name = Base; path = Base.lproj/LaunchScreen.storyboard; sourceTree = "<group>"; };
		83B3065029F04EE10078B71C /* Info.plist */ = {isa = PBXFileReference; lastKnownFileType = text.plist.xml; path = Info.plist; sourceTree = "<group>"; };
		83B3065829F0523F0078B71C /* LoginView.swift */ = {isa = PBXFileReference; lastKnownFileType = sourcecode.swift; path = LoginView.swift; sourceTree = "<group>"; };
		83B3065B29F1FF200078B71C /* OnboardingContainerViewController.swift */ = {isa = PBXFileReference; lastKnownFileType = sourcecode.swift; path = OnboardingContainerViewController.swift; sourceTree = "<group>"; };
/* End PBXFileReference section */

/* Begin PBXFrameworksBuildPhase section */
		83949D042A03269200BD942F /* Frameworks */ = {
			isa = PBXFrameworksBuildPhase;
			buildActionMask = 2147483647;
			files = (
			);
			runOnlyForDeploymentPostprocessing = 0;
		};
		83B3063C29F04EDF0078B71C /* Frameworks */ = {
			isa = PBXFrameworksBuildPhase;
			buildActionMask = 2147483647;
			files = (
			);
			runOnlyForDeploymentPostprocessing = 0;
		};
/* End PBXFrameworksBuildPhase section */

/* Begin PBXGroup section */
		83656D5029F845CC007DABA9 /* Utils */ = {
			isa = PBXGroup;
			children = (
				83656D5129F845D9007DABA9 /* LocalState.swift */,
				83656D5329F859DD007DABA9 /* UIViewController+Utils.swift */,
				83949CFF29FB2A7500BD942F /* Decimal+Utils.swift */,
				83949D0129FB2B5A00BD942F /* CurrencyFormatter.swift */,
				83949D142A04297100BD942F /* NSNotificationName.swift */,
				8396C4622A043FFB007E8931 /* UITextField+SecureToggle.swift */,
				8396C4672A0AB4C7007E8931 /* Date+Utils.swift */,
			);
			path = Utils;
			sourceTree = "<group>";
		};
		83656D5729F8646D007DABA9 /* AccountSummary */ = {
			isa = PBXGroup;
			children = (
				8396C4692A0AB5C7007E8931 /* AccountSummaryViewController+Networking.swift */,
				83656D5829F8649F007DABA9 /* AccountSummaryViewController.swift */,
				83B260E229F9E834009E6AB0 /* Cells */,
				83B260E129F9E818009E6AB0 /* Header */,
			);
			path = AccountSummary;
			sourceTree = "<group>";
		};
		83949D082A03269200BD942F /* BankeyUnitTests */ = {
			isa = PBXGroup;
			children = (
				8396C46C2A0AC2B3007E8931 /* AcoountSummary */,
				8396C46B2A0AC2A9007E8931 /* Utils */,
			);
			path = BankeyUnitTests;
			sourceTree = "<group>";
		};
		8396C4642A097E71007E8931 /* Components */ = {
			isa = PBXGroup;
			children = (
				8396C4652A097E89007E8931 /* ShakyBellView.swift */,
			);
			path = Components;
			sourceTree = "<group>";
		};
		8396C46B2A0AC2A9007E8931 /* Utils */ = {
			isa = PBXGroup;
			children = (
				83949D102A03274800BD942F /* CurrencyFormatterTests.swift */,
			);
			path = Utils;
			sourceTree = "<group>";
		};
		8396C46C2A0AC2B3007E8931 /* AcoountSummary */ = {
			isa = PBXGroup;
			children = (
				8396C46D2A0AC2D2007E8931 /* ProfileTests.swift */,
				8396C46F2A0AC386007E8931 /* AccountTests.swift */,
			);
			path = AcoountSummary;
			sourceTree = "<group>";
		};
		83B260E129F9E818009E6AB0 /* Header */ = {
			isa = PBXGroup;
			children = (
				83656D5A29F89EC9007DABA9 /* AccountSummaryHeaderView.swift */,
				83656D5C29F89EF7007DABA9 /* AccountSummaryHeaderView.xib */,
			);
			path = Header;
			sourceTree = "<group>";
		};
		83B260E229F9E834009E6AB0 /* Cells */ = {
			isa = PBXGroup;
			children = (
				83B260E329F9E87F009E6AB0 /* AccountSummaryCell.swift */,
				8396C4712A0B0C64007E8931 /* SkeletonLoadable.swift */,
				8396C4732A0B0CF4007E8931 /* SkeletonCell.swift */,
			);
			path = Cells;
			sourceTree = "<group>";
		};
		83B3063629F04EDF0078B71C = {
			isa = PBXGroup;
			children = (
				83B3064129F04EDF0078B71C /* Bankey */,
				83949D082A03269200BD942F /* BankeyUnitTests */,
				83B3064029F04EDF0078B71C /* Products */,
			);
			sourceTree = "<group>";
		};
		83B3064029F04EDF0078B71C /* Products */ = {
			isa = PBXGroup;
			children = (
				83B3063F29F04EDF0078B71C /* Bankey.app */,
				83949D072A03269200BD942F /* BankeyUnitTests.xctest */,
			);
			name = Products;
			sourceTree = "<group>";
		};
		83B3064129F04EDF0078B71C /* Bankey */ = {
			isa = PBXGroup;
			children = (
				8396C4642A097E71007E8931 /* Components */,
				83B3064229F04EDF0078B71C /* AppDelegate.swift */,
				83656D5529F85B74007DABA9 /* MainViewController.swift */,
				83B3065729F052110078B71C /* Login */,
				83B3065A29F1FEEE0078B71C /* Onboarding */,
				83656D5729F8646D007DABA9 /* AccountSummary */,
				83656D5029F845CC007DABA9 /* Utils */,
				83B3065629F051BB0078B71C /* Files */,
			);
			path = Bankey;
			sourceTree = "<group>";
		};
		83B3065629F051BB0078B71C /* Files */ = {
			isa = PBXGroup;
			children = (
				83B3064B29F04EE10078B71C /* Assets.xcassets */,
				83B3064D29F04EE10078B71C /* LaunchScreen.storyboard */,
				83B3065029F04EE10078B71C /* Info.plist */,
			);
			name = Files;
			sourceTree = "<group>";
		};
		83B3065729F052110078B71C /* Login */ = {
			isa = PBXGroup;
			children = (
				83B3064629F04EDF0078B71C /* LoginViewController.swift */,
				83B3065829F0523F0078B71C /* LoginView.swift */,
				83656D4E29F83E88007DABA9 /* DummyViewController.swift */,
			);
			path = Login;
			sourceTree = "<group>";
		};
		83B3065A29F1FEEE0078B71C /* Onboarding */ = {
			isa = PBXGroup;
			children = (
				83B3065B29F1FF200078B71C /* OnboardingContainerViewController.swift */,
				8381D4A229F2E2B2007EBAD6 /* OnboardingViewController.swift */,
			);
			path = Onboarding;
			sourceTree = "<group>";
		};
/* End PBXGroup section */

/* Begin PBXNativeTarget section */
		83949D062A03269200BD942F /* BankeyUnitTests */ = {
			isa = PBXNativeTarget;
			buildConfigurationList = 83949D0F2A03269200BD942F /* Build configuration list for PBXNativeTarget "BankeyUnitTests" */;
			buildPhases = (
				83949D032A03269200BD942F /* Sources */,
				83949D042A03269200BD942F /* Frameworks */,
				83949D052A03269200BD942F /* Resources */,
			);
			buildRules = (
			);
			dependencies = (
				83949D0C2A03269200BD942F /* PBXTargetDependency */,
			);
			name = BankeyUnitTests;
			productName = BankeyUnitTests;
			productReference = 83949D072A03269200BD942F /* BankeyUnitTests.xctest */;
			productType = "com.apple.product-type.bundle.unit-test";
		};
		83B3063E29F04EDF0078B71C /* Bankey */ = {
			isa = PBXNativeTarget;
			buildConfigurationList = 83B3065329F04EE10078B71C /* Build configuration list for PBXNativeTarget "Bankey" */;
			buildPhases = (
				83B3063B29F04EDF0078B71C /* Sources */,
				83B3063C29F04EDF0078B71C /* Frameworks */,
				83B3063D29F04EDF0078B71C /* Resources */,
			);
			buildRules = (
			);
			dependencies = (
			);
			name = Bankey;
			productName = Bankey;
			productReference = 83B3063F29F04EDF0078B71C /* Bankey.app */;
			productType = "com.apple.product-type.application";
		};
/* End PBXNativeTarget section */

/* Begin PBXProject section */
		83B3063729F04EDF0078B71C /* Project object */ = {
			isa = PBXProject;
			attributes = {
				BuildIndependentTargetsInParallel = 1;
				LastSwiftUpdateCheck = 1420;
				LastUpgradeCheck = 1420;
				TargetAttributes = {
					83949D062A03269200BD942F = {
						CreatedOnToolsVersion = 14.2;
						LastSwiftMigration = 1420;
						TestTargetID = 83B3063E29F04EDF0078B71C;
					};
					83B3063E29F04EDF0078B71C = {
						CreatedOnToolsVersion = 14.2;
					};
				};
			};
			buildConfigurationList = 83B3063A29F04EDF0078B71C /* Build configuration list for PBXProject "Bankey" */;
			compatibilityVersion = "Xcode 14.0";
			developmentRegion = en;
			hasScannedForEncodings = 0;
			knownRegions = (
				en,
				Base,
			);
			mainGroup = 83B3063629F04EDF0078B71C;
			productRefGroup = 83B3064029F04EDF0078B71C /* Products */;
			projectDirPath = "";
			projectRoot = "";
			targets = (
				83B3063E29F04EDF0078B71C /* Bankey */,
				83949D062A03269200BD942F /* BankeyUnitTests */,
			);
		};
/* End PBXProject section */

/* Begin PBXResourcesBuildPhase section */
		83949D052A03269200BD942F /* Resources */ = {
			isa = PBXResourcesBuildPhase;
			buildActionMask = 2147483647;
			files = (
			);
			runOnlyForDeploymentPostprocessing = 0;
		};
		83B3063D29F04EDF0078B71C /* Resources */ = {
			isa = PBXResourcesBuildPhase;
			buildActionMask = 2147483647;
			files = (
				83656D5D29F89EF7007DABA9 /* AccountSummaryHeaderView.xib in Resources */,
				83B3064F29F04EE10078B71C /* LaunchScreen.storyboard in Resources */,
				83B3064C29F04EE10078B71C /* Assets.xcassets in Resources */,
			);
			runOnlyForDeploymentPostprocessing = 0;
		};
/* End PBXResourcesBuildPhase section */

/* Begin PBXSourcesBuildPhase section */
		83949D032A03269200BD942F /* Sources */ = {
			isa = PBXSourcesBuildPhase;
			buildActionMask = 2147483647;
			files = (
				83949D112A03274800BD942F /* CurrencyFormatterTests.swift in Sources */,
				8396C4702A0AC386007E8931 /* AccountTests.swift in Sources */,
				8396C46E2A0AC2D2007E8931 /* ProfileTests.swift in Sources */,
			);
			runOnlyForDeploymentPostprocessing = 0;
		};
		83B3063B29F04EDF0078B71C /* Sources */ = {
			isa = PBXSourcesBuildPhase;
			buildActionMask = 2147483647;
			files = (
				83656D5429F859DD007DABA9 /* UIViewController+Utils.swift in Sources */,
				8396C4742A0B0CF4007E8931 /* SkeletonCell.swift in Sources */,
				8396C4682A0AB4C7007E8931 /* Date+Utils.swift in Sources */,
				8396C46A2A0AB5C7007E8931 /* AccountSummaryViewController+Networking.swift in Sources */,
				8396C4662A097E89007E8931 /* ShakyBellView.swift in Sources */,
				83B3065929F0523F0078B71C /* LoginView.swift in Sources */,
				83656D5229F845D9007DABA9 /* LocalState.swift in Sources */,
				83656D5B29F89EC9007DABA9 /* AccountSummaryHeaderView.swift in Sources */,
				8396C4632A043FFB007E8931 /* UITextField+SecureToggle.swift in Sources */,
				83656D4F29F83E88007DABA9 /* DummyViewController.swift in Sources */,
				83949D0229FB2B5A00BD942F /* CurrencyFormatter.swift in Sources */,
				83949D0029FB2A7500BD942F /* Decimal+Utils.swift in Sources */,
				83949D152A04297100BD942F /* NSNotificationName.swift in Sources */,
				83B3064729F04EDF0078B71C /* LoginViewController.swift in Sources */,
				83B260E429F9E87F009E6AB0 /* AccountSummaryCell.swift in Sources */,
				8381D4A329F2E2B2007EBAD6 /* OnboardingViewController.swift in Sources */,
				83656D5629F85B74007DABA9 /* MainViewController.swift in Sources */,
				83656D5929F8649F007DABA9 /* AccountSummaryViewController.swift in Sources */,
				83B3064329F04EDF0078B71C /* AppDelegate.swift in Sources */,
				8396C4722A0B0C64007E8931 /* SkeletonLoadable.swift in Sources */,
				83B3065C29F1FF200078B71C /* OnboardingContainerViewController.swift in Sources */,
			);
			runOnlyForDeploymentPostprocessing = 0;
		};
/* End PBXSourcesBuildPhase section */

/* Begin PBXTargetDependency section */
		83949D0C2A03269200BD942F /* PBXTargetDependency */ = {
			isa = PBXTargetDependency;
			target = 83B3063E29F04EDF0078B71C /* Bankey */;
			targetProxy = 83949D0B2A03269200BD942F /* PBXContainerItemProxy */;
		};
/* End PBXTargetDependency section */

/* Begin PBXVariantGroup section */
		83B3064D29F04EE10078B71C /* LaunchScreen.storyboard */ = {
			isa = PBXVariantGroup;
			children = (
				83B3064E29F04EE10078B71C /* Base */,
			);
			name = LaunchScreen.storyboard;
			sourceTree = "<group>";
		};
/* End PBXVariantGroup section */

/* Begin XCBuildConfiguration section */
		83949D0D2A03269200BD942F /* Debug */ = {
			isa = XCBuildConfiguration;
			buildSettings = {
				BUNDLE_LOADER = "$(TEST_HOST)";
				CLANG_ENABLE_MODULES = YES;
				CODE_SIGN_STYLE = Automatic;
				CURRENT_PROJECT_VERSION = 1;
				DEVELOPMENT_TEAM = BJYRRMLA6N;
				GENERATE_INFOPLIST_FILE = YES;
				LD_RUNPATH_SEARCH_PATHS = (
					"$(inherited)",
					"@executable_path/Frameworks",
					"@loader_path/Frameworks",
				);
				MARKETING_VERSION = 1.0;
				PRODUCT_BUNDLE_IDENTIFIER = carlos.hernandez.Bankey.BankeyUnitTests;
				PRODUCT_NAME = "$(TARGET_NAME)";
				SWIFT_EMIT_LOC_STRINGS = NO;
				SWIFT_OPTIMIZATION_LEVEL = "-Onone";
				SWIFT_VERSION = 5.0;
				TARGETED_DEVICE_FAMILY = "1,2";
				TEST_HOST = "$(BUILT_PRODUCTS_DIR)/Bankey.app/$(BUNDLE_EXECUTABLE_FOLDER_PATH)/Bankey";
			};
			name = Debug;
		};
		83949D0E2A03269200BD942F /* Release */ = {
			isa = XCBuildConfiguration;
			buildSettings = {
				BUNDLE_LOADER = "$(TEST_HOST)";
				CLANG_ENABLE_MODULES = YES;
				CODE_SIGN_STYLE = Automatic;
				CURRENT_PROJECT_VERSION = 1;
				DEVELOPMENT_TEAM = BJYRRMLA6N;
				GENERATE_INFOPLIST_FILE = YES;
				LD_RUNPATH_SEARCH_PATHS = (
					"$(inherited)",
					"@executable_path/Frameworks",
					"@loader_path/Frameworks",
				);
				MARKETING_VERSION = 1.0;
				PRODUCT_BUNDLE_IDENTIFIER = carlos.hernandez.Bankey.BankeyUnitTests;
				PRODUCT_NAME = "$(TARGET_NAME)";
				SWIFT_EMIT_LOC_STRINGS = NO;
				SWIFT_VERSION = 5.0;
				TARGETED_DEVICE_FAMILY = "1,2";
				TEST_HOST = "$(BUILT_PRODUCTS_DIR)/Bankey.app/$(BUNDLE_EXECUTABLE_FOLDER_PATH)/Bankey";
			};
			name = Release;
		};
		83B3065129F04EE10078B71C /* Debug */ = {
			isa = XCBuildConfiguration;
			buildSettings = {
				ALWAYS_SEARCH_USER_PATHS = NO;
				CLANG_ANALYZER_NONNULL = YES;
				CLANG_ANALYZER_NUMBER_OBJECT_CONVERSION = YES_AGGRESSIVE;
				CLANG_CXX_LANGUAGE_STANDARD = "gnu++20";
				CLANG_ENABLE_MODULES = YES;
				CLANG_ENABLE_OBJC_ARC = YES;
				CLANG_ENABLE_OBJC_WEAK = YES;
				CLANG_WARN_BLOCK_CAPTURE_AUTORELEASING = YES;
				CLANG_WARN_BOOL_CONVERSION = YES;
				CLANG_WARN_COMMA = YES;
				CLANG_WARN_CONSTANT_CONVERSION = YES;
				CLANG_WARN_DEPRECATED_OBJC_IMPLEMENTATIONS = YES;
				CLANG_WARN_DIRECT_OBJC_ISA_USAGE = YES_ERROR;
				CLANG_WARN_DOCUMENTATION_COMMENTS = YES;
				CLANG_WARN_EMPTY_BODY = YES;
				CLANG_WARN_ENUM_CONVERSION = YES;
				CLANG_WARN_INFINITE_RECURSION = YES;
				CLANG_WARN_INT_CONVERSION = YES;
				CLANG_WARN_NON_LITERAL_NULL_CONVERSION = YES;
				CLANG_WARN_OBJC_IMPLICIT_RETAIN_SELF = YES;
				CLANG_WARN_OBJC_LITERAL_CONVERSION = YES;
				CLANG_WARN_OBJC_ROOT_CLASS = YES_ERROR;
				CLANG_WARN_QUOTED_INCLUDE_IN_FRAMEWORK_HEADER = YES;
				CLANG_WARN_RANGE_LOOP_ANALYSIS = YES;
				CLANG_WARN_STRICT_PROTOTYPES = YES;
				CLANG_WARN_SUSPICIOUS_MOVE = YES;
				CLANG_WARN_UNGUARDED_AVAILABILITY = YES_AGGRESSIVE;
				CLANG_WARN_UNREACHABLE_CODE = YES;
				CLANG_WARN__DUPLICATE_METHOD_MATCH = YES;
				COPY_PHASE_STRIP = NO;
				DEBUG_INFORMATION_FORMAT = dwarf;
				ENABLE_STRICT_OBJC_MSGSEND = YES;
				ENABLE_TESTABILITY = YES;
				GCC_C_LANGUAGE_STANDARD = gnu11;
				GCC_DYNAMIC_NO_PIC = NO;
				GCC_NO_COMMON_BLOCKS = YES;
				GCC_OPTIMIZATION_LEVEL = 0;
				GCC_PREPROCESSOR_DEFINITIONS = (
					"DEBUG=1",
					"$(inherited)",
				);
				GCC_WARN_64_TO_32_BIT_CONVERSION = YES;
				GCC_WARN_ABOUT_RETURN_TYPE = YES_ERROR;
				GCC_WARN_UNDECLARED_SELECTOR = YES;
				GCC_WARN_UNINITIALIZED_AUTOS = YES_AGGRESSIVE;
				GCC_WARN_UNUSED_FUNCTION = YES;
				GCC_WARN_UNUSED_VARIABLE = YES;
				IPHONEOS_DEPLOYMENT_TARGET = 16.2;
				MTL_ENABLE_DEBUG_INFO = INCLUDE_SOURCE;
				MTL_FAST_MATH = YES;
				ONLY_ACTIVE_ARCH = YES;
				SDKROOT = iphoneos;
				SWIFT_ACTIVE_COMPILATION_CONDITIONS = DEBUG;
				SWIFT_OPTIMIZATION_LEVEL = "-Onone";
			};
			name = Debug;
		};
		83B3065229F04EE10078B71C /* Release */ = {
			isa = XCBuildConfiguration;
			buildSettings = {
				ALWAYS_SEARCH_USER_PATHS = NO;
				CLANG_ANALYZER_NONNULL = YES;
				CLANG_ANALYZER_NUMBER_OBJECT_CONVERSION = YES_AGGRESSIVE;
				CLANG_CXX_LANGUAGE_STANDARD = "gnu++20";
				CLANG_ENABLE_MODULES = YES;
				CLANG_ENABLE_OBJC_ARC = YES;
				CLANG_ENABLE_OBJC_WEAK = YES;
				CLANG_WARN_BLOCK_CAPTURE_AUTORELEASING = YES;
				CLANG_WARN_BOOL_CONVERSION = YES;
				CLANG_WARN_COMMA = YES;
				CLANG_WARN_CONSTANT_CONVERSION = YES;
				CLANG_WARN_DEPRECATED_OBJC_IMPLEMENTATIONS = YES;
				CLANG_WARN_DIRECT_OBJC_ISA_USAGE = YES_ERROR;
				CLANG_WARN_DOCUMENTATION_COMMENTS = YES;
				CLANG_WARN_EMPTY_BODY = YES;
				CLANG_WARN_ENUM_CONVERSION = YES;
				CLANG_WARN_INFINITE_RECURSION = YES;
				CLANG_WARN_INT_CONVERSION = YES;
				CLANG_WARN_NON_LITERAL_NULL_CONVERSION = YES;
				CLANG_WARN_OBJC_IMPLICIT_RETAIN_SELF = YES;
				CLANG_WARN_OBJC_LITERAL_CONVERSION = YES;
				CLANG_WARN_OBJC_ROOT_CLASS = YES_ERROR;
				CLANG_WARN_QUOTED_INCLUDE_IN_FRAMEWORK_HEADER = YES;
				CLANG_WARN_RANGE_LOOP_ANALYSIS = YES;
				CLANG_WARN_STRICT_PROTOTYPES = YES;
				CLANG_WARN_SUSPICIOUS_MOVE = YES;
				CLANG_WARN_UNGUARDED_AVAILABILITY = YES_AGGRESSIVE;
				CLANG_WARN_UNREACHABLE_CODE = YES;
				CLANG_WARN__DUPLICATE_METHOD_MATCH = YES;
				COPY_PHASE_STRIP = NO;
				DEBUG_INFORMATION_FORMAT = "dwarf-with-dsym";
				ENABLE_NS_ASSERTIONS = NO;
				ENABLE_STRICT_OBJC_MSGSEND = YES;
				GCC_C_LANGUAGE_STANDARD = gnu11;
				GCC_NO_COMMON_BLOCKS = YES;
				GCC_WARN_64_TO_32_BIT_CONVERSION = YES;
				GCC_WARN_ABOUT_RETURN_TYPE = YES_ERROR;
				GCC_WARN_UNDECLARED_SELECTOR = YES;
				GCC_WARN_UNINITIALIZED_AUTOS = YES_AGGRESSIVE;
				GCC_WARN_UNUSED_FUNCTION = YES;
				GCC_WARN_UNUSED_VARIABLE = YES;
				IPHONEOS_DEPLOYMENT_TARGET = 16.2;
				MTL_ENABLE_DEBUG_INFO = NO;
				MTL_FAST_MATH = YES;
				SDKROOT = iphoneos;
				SWIFT_COMPILATION_MODE = wholemodule;
				SWIFT_OPTIMIZATION_LEVEL = "-O";
				VALIDATE_PRODUCT = YES;
			};
			name = Release;
		};
		83B3065429F04EE10078B71C /* Debug */ = {
			isa = XCBuildConfiguration;
			buildSettings = {
				ASSETCATALOG_COMPILER_APPICON_NAME = AppIcon;
				ASSETCATALOG_COMPILER_GLOBAL_ACCENT_COLOR_NAME = AccentColor;
				CODE_SIGN_STYLE = Automatic;
				CURRENT_PROJECT_VERSION = 1;
				DEVELOPMENT_TEAM = BJYRRMLA6N;
				GENERATE_INFOPLIST_FILE = YES;
				INFOPLIST_FILE = Bankey/Info.plist;
				INFOPLIST_KEY_UIApplicationSupportsIndirectInputEvents = YES;
				INFOPLIST_KEY_UILaunchStoryboardName = LaunchScreen;
				INFOPLIST_KEY_UISupportedInterfaceOrientations_iPad = "UIInterfaceOrientationPortrait UIInterfaceOrientationPortraitUpsideDown UIInterfaceOrientationLandscapeLeft UIInterfaceOrientationLandscapeRight";
				INFOPLIST_KEY_UISupportedInterfaceOrientations_iPhone = "UIInterfaceOrientationPortrait UIInterfaceOrientationLandscapeLeft UIInterfaceOrientationLandscapeRight";
				LD_RUNPATH_SEARCH_PATHS = (
					"$(inherited)",
					"@executable_path/Frameworks",
				);
				MARKETING_VERSION = 1.0;
				PRODUCT_BUNDLE_IDENTIFIER = carlos.hernandez.Bankey.Bankey;
				PRODUCT_NAME = "$(TARGET_NAME)";
				SWIFT_EMIT_LOC_STRINGS = YES;
				SWIFT_VERSION = 5.0;
				TARGETED_DEVICE_FAMILY = "1,2";
			};
			name = Debug;
		};
		83B3065529F04EE10078B71C /* Release */ = {
			isa = XCBuildConfiguration;
			buildSettings = {
				ASSETCATALOG_COMPILER_APPICON_NAME = AppIcon;
				ASSETCATALOG_COMPILER_GLOBAL_ACCENT_COLOR_NAME = AccentColor;
				CODE_SIGN_STYLE = Automatic;
				CURRENT_PROJECT_VERSION = 1;
				DEVELOPMENT_TEAM = BJYRRMLA6N;
				GENERATE_INFOPLIST_FILE = YES;
				INFOPLIST_FILE = Bankey/Info.plist;
				INFOPLIST_KEY_UIApplicationSupportsIndirectInputEvents = YES;
				INFOPLIST_KEY_UILaunchStoryboardName = LaunchScreen;
				INFOPLIST_KEY_UISupportedInterfaceOrientations_iPad = "UIInterfaceOrientationPortrait UIInterfaceOrientationPortraitUpsideDown UIInterfaceOrientationLandscapeLeft UIInterfaceOrientationLandscapeRight";
				INFOPLIST_KEY_UISupportedInterfaceOrientations_iPhone = "UIInterfaceOrientationPortrait UIInterfaceOrientationLandscapeLeft UIInterfaceOrientationLandscapeRight";
				LD_RUNPATH_SEARCH_PATHS = (
					"$(inherited)",
					"@executable_path/Frameworks",
				);
				MARKETING_VERSION = 1.0;
				PRODUCT_BUNDLE_IDENTIFIER = carlos.hernandez.Bankey.Bankey;
				PRODUCT_NAME = "$(TARGET_NAME)";
				SWIFT_EMIT_LOC_STRINGS = YES;
				SWIFT_VERSION = 5.0;
				TARGETED_DEVICE_FAMILY = "1,2";
			};
			name = Release;
		};
/* End XCBuildConfiguration section */

/* Begin XCConfigurationList section */
		83949D0F2A03269200BD942F /* Build configuration list for PBXNativeTarget "BankeyUnitTests" */ = {
			isa = XCConfigurationList;
			buildConfigurations = (
				83949D0D2A03269200BD942F /* Debug */,
				83949D0E2A03269200BD942F /* Release */,
			);
			defaultConfigurationIsVisible = 0;
			defaultConfigurationName = Release;
		};
		83B3063A29F04EDF0078B71C /* Build configuration list for PBXProject "Bankey" */ = {
			isa = XCConfigurationList;
			buildConfigurations = (
				83B3065129F04EE10078B71C /* Debug */,
				83B3065229F04EE10078B71C /* Release */,
			);
			defaultConfigurationIsVisible = 0;
			defaultConfigurationName = Release;
		};
		83B3065329F04EE10078B71C /* Build configuration list for PBXNativeTarget "Bankey" */ = {
			isa = XCConfigurationList;
			buildConfigurations = (
				83B3065429F04EE10078B71C /* Debug */,
				83B3065529F04EE10078B71C /* Release */,
			);
			defaultConfigurationIsVisible = 0;
			defaultConfigurationName = Release;
		};
/* End XCConfigurationList section */
	};
	rootObject = 83B3063729F04EDF0078B71C /* Project object */;
}
